// !$*UTF8*$!
{
	archiveVersion = 1;
	classes = {
	};
	objectVersion = 46;
	objects = {

/* Begin PBXBuildFile section */
		1C4964361E0AB9F10017786B /* AppDelegate.swift in Sources */ = {isa = PBXBuildFile; fileRef = 1C4964351E0AB9F10017786B /* AppDelegate.swift */; };
		1C4964381E0AB9F10017786B /* ViewController.swift in Sources */ = {isa = PBXBuildFile; fileRef = 1C4964371E0AB9F10017786B /* ViewController.swift */; };
		1C49643B1E0AB9F10017786B /* Main.storyboard in Resources */ = {isa = PBXBuildFile; fileRef = 1C4964391E0AB9F10017786B /* Main.storyboard */; };
		1C49643D1E0AB9F10017786B /* Assets.xcassets in Resources */ = {isa = PBXBuildFile; fileRef = 1C49643C1E0AB9F10017786B /* Assets.xcassets */; };
		1C4964401E0AB9F10017786B /* LaunchScreen.storyboard in Resources */ = {isa = PBXBuildFile; fileRef = 1C49643E1E0AB9F10017786B /* LaunchScreen.storyboard */; };
		1C49644B1E0AB9F10017786B /* FilterArrayTests.swift in Sources */ = {isa = PBXBuildFile; fileRef = 1C49644A1E0AB9F10017786B /* FilterArrayTests.swift */; };
		1C4964561E0AB9F10017786B /* FilterArrayUITests.swift in Sources */ = {isa = PBXBuildFile; fileRef = 1C4964551E0AB9F10017786B /* FilterArrayUITests.swift */; };
/* End PBXBuildFile section */

/* Begin PBXContainerItemProxy section */
		1C4964471E0AB9F10017786B /* PBXContainerItemProxy */ = {
			isa = PBXContainerItemProxy;
			containerPortal = 1C49642A1E0AB9F10017786B /* Project object */;
			proxyType = 1;
			remoteGlobalIDString = 1C4964311E0AB9F10017786B;
			remoteInfo = FilterArray;
		};
		1C4964521E0AB9F10017786B /* PBXContainerItemProxy */ = {
			isa = PBXContainerItemProxy;
			containerPortal = 1C49642A1E0AB9F10017786B /* Project object */;
			proxyType = 1;
			remoteGlobalIDString = 1C4964311E0AB9F10017786B;
			remoteInfo = FilterArray;
		};
/* End PBXContainerItemProxy section */

/* Begin PBXFileReference section */
		1C4964321E0AB9F10017786B /* FilterArray.app */ = {isa = PBXFileReference; explicitFileType = wrapper.application; includeInIndex = 0; path = FilterArray.app; sourceTree = BUILT_PRODUCTS_DIR; };
		1C4964351E0AB9F10017786B /* AppDelegate.swift */ = {isa = PBXFileReference; lastKnownFileType = sourcecode.swift; path = AppDelegate.swift; sourceTree = "<group>"; };
		1C4964371E0AB9F10017786B /* ViewController.swift */ = {isa = PBXFileReference; lastKnownFileType = sourcecode.swift; path = ViewController.swift; sourceTree = "<group>"; };
		1C49643A1E0AB9F10017786B /* Base */ = {isa = PBXFileReference; lastKnownFileType = file.storyboard; name = Base; path = Base.lproj/Main.storyboard; sourceTree = "<group>"; };
		1C49643C1E0AB9F10017786B /* Assets.xcassets */ = {isa = PBXFileReference; lastKnownFileType = folder.assetcatalog; path = Assets.xcassets; sourceTree = "<group>"; };
		1C49643F1E0AB9F10017786B /* Base */ = {isa = PBXFileReference; lastKnownFileType = file.storyboard; name = Base; path = Base.lproj/LaunchScreen.storyboard; sourceTree = "<group>"; };
		1C4964411E0AB9F10017786B /* Info.plist */ = {isa = PBXFileReference; lastKnownFileType = text.plist.xml; path = Info.plist; sourceTree = "<group>"; };
		1C4964461E0AB9F10017786B /* FilterArrayTests.xctest */ = {isa = PBXFileReference; explicitFileType = wrapper.cfbundle; includeInIndex = 0; path = FilterArrayTests.xctest; sourceTree = BUILT_PRODUCTS_DIR; };
		1C49644A1E0AB9F10017786B /* FilterArrayTests.swift */ = {isa = PBXFileReference; lastKnownFileType = sourcecode.swift; path = FilterArrayTests.swift; sourceTree = "<group>"; };
		1C49644C1E0AB9F10017786B /* Info.plist */ = {isa = PBXFileReference; lastKnownFileType = text.plist.xml; path = Info.plist; sourceTree = "<group>"; };
		1C4964511E0AB9F10017786B /* FilterArrayUITests.xctest */ = {isa = PBXFileReference; explicitFileType = wrapper.cfbundle; includeInIndex = 0; path = FilterArrayUITests.xctest; sourceTree = BUILT_PRODUCTS_DIR; };
		1C4964551E0AB9F10017786B /* FilterArrayUITests.swift */ = {isa = PBXFileReference; lastKnownFileType = sourcecode.swift; path = FilterArrayUITests.swift; sourceTree = "<group>"; };
		1C4964571E0AB9F10017786B /* Info.plist */ = {isa = PBXFileReference; lastKnownFileType = text.plist.xml; path = Info.plist; sourceTree = "<group>"; };
/* End PBXFileReference section */

/* Begin PBXFrameworksBuildPhase section */
		1C49642F1E0AB9F10017786B /* Frameworks */ = {
			isa = PBXFrameworksBuildPhase;
			buildActionMask = 2147483647;
			files = (
			);
			runOnlyForDeploymentPostprocessing = 0;
		};
		1C4964431E0AB9F10017786B /* Frameworks */ = {
			isa = PBXFrameworksBuildPhase;
			buildActionMask = 2147483647;
			files = (
			);
			runOnlyForDeploymentPostprocessing = 0;
		};
		1C49644E1E0AB9F10017786B /* Frameworks */ = {
			isa = PBXFrameworksBuildPhase;
			buildActionMask = 2147483647;
			files = (
			);
			runOnlyForDeploymentPostprocessing = 0;
		};
/* End PBXFrameworksBuildPhase section */

/* Begin PBXGroup section */
		1C4964291E0AB9F10017786B = {
			isa = PBXGroup;
			children = (
				1C4964341E0AB9F10017786B /* FilterArray */,
				1C4964491E0AB9F10017786B /* FilterArrayTests */,
				1C4964541E0AB9F10017786B /* FilterArrayUITests */,
				1C4964331E0AB9F10017786B /* Products */,
			);
			sourceTree = "<group>";
		};
		1C4964331E0AB9F10017786B /* Products */ = {
			isa = PBXGroup;
			children = (
				1C4964321E0AB9F10017786B /* FilterArray.app */,
				1C4964461E0AB9F10017786B /* FilterArrayTests.xctest */,
				1C4964511E0AB9F10017786B /* FilterArrayUITests.xctest */,
			);
			name = Products;
			sourceTree = "<group>";
		};
		1C4964341E0AB9F10017786B /* FilterArray */ = {
			isa = PBXGroup;
			children = (
				1C4964351E0AB9F10017786B /* AppDelegate.swift */,
				1C4964371E0AB9F10017786B /* ViewController.swift */,
				1C4964391E0AB9F10017786B /* Main.storyboard */,
				1C49643C1E0AB9F10017786B /* Assets.xcassets */,
				1C49643E1E0AB9F10017786B /* LaunchScreen.storyboard */,
				1C4964411E0AB9F10017786B /* Info.plist */,
			);
			path = FilterArray;
			sourceTree = "<group>";
		};
		1C4964491E0AB9F10017786B /* FilterArrayTests */ = {
			isa = PBXGroup;
			children = (
				1C49644A1E0AB9F10017786B /* FilterArrayTests.swift */,
				1C49644C1E0AB9F10017786B /* Info.plist */,
			);
			path = FilterArrayTests;
			sourceTree = "<group>";
		};
		1C4964541E0AB9F10017786B /* FilterArrayUITests */ = {
			isa = PBXGroup;
			children = (
				1C4964551E0AB9F10017786B /* FilterArrayUITests.swift */,
				1C4964571E0AB9F10017786B /* Info.plist */,
			);
			path = FilterArrayUITests;
			sourceTree = "<group>";
		};
/* End PBXGroup section */

/* Begin PBXNativeTarget section */
		1C4964311E0AB9F10017786B /* FilterArray */ = {
			isa = PBXNativeTarget;
			buildConfigurationList = 1C49645A1E0AB9F10017786B /* Build configuration list for PBXNativeTarget "FilterArray" */;
			buildPhases = (
				1C49642E1E0AB9F10017786B /* Sources */,
				1C49642F1E0AB9F10017786B /* Frameworks */,
				1C4964301E0AB9F10017786B /* Resources */,
			);
			buildRules = (
			);
			dependencies = (
			);
			name = FilterArray;
			productName = FilterArray;
			productReference = 1C4964321E0AB9F10017786B /* FilterArray.app */;
			productType = "com.apple.product-type.application";
		};
		1C4964451E0AB9F10017786B /* FilterArrayTests */ = {
			isa = PBXNativeTarget;
			buildConfigurationList = 1C49645D1E0AB9F10017786B /* Build configuration list for PBXNativeTarget "FilterArrayTests" */;
			buildPhases = (
				1C4964421E0AB9F10017786B /* Sources */,
				1C4964431E0AB9F10017786B /* Frameworks */,
				1C4964441E0AB9F10017786B /* Resources */,
			);
			buildRules = (
			);
			dependencies = (
				1C4964481E0AB9F10017786B /* PBXTargetDependency */,
			);
			name = FilterArrayTests;
			productName = FilterArrayTests;
			productReference = 1C4964461E0AB9F10017786B /* FilterArrayTests.xctest */;
			productType = "com.apple.product-type.bundle.unit-test";
		};
		1C4964501E0AB9F10017786B /* FilterArrayUITests */ = {
			isa = PBXNativeTarget;
			buildConfigurationList = 1C4964601E0AB9F10017786B /* Build configuration list for PBXNativeTarget "FilterArrayUITests" */;
			buildPhases = (
				1C49644D1E0AB9F10017786B /* Sources */,
				1C49644E1E0AB9F10017786B /* Frameworks */,
				1C49644F1E0AB9F10017786B /* Resources */,
			);
			buildRules = (
			);
			dependencies = (
				1C4964531E0AB9F10017786B /* PBXTargetDependency */,
			);
			name = FilterArrayUITests;
			productName = FilterArrayUITests;
			productReference = 1C4964511E0AB9F10017786B /* FilterArrayUITests.xctest */;
			productType = "com.apple.product-type.bundle.ui-testing";
		};
/* End PBXNativeTarget section */

/* Begin PBXProject section */
		1C49642A1E0AB9F10017786B /* Project object */ = {
			isa = PBXProject;
			attributes = {
				LastSwiftUpdateCheck = 0810;
				LastUpgradeCheck = 1110;
				ORGANIZATIONNAME = "piyush sinroja";
				TargetAttributes = {
					1C4964311E0AB9F10017786B = {
						CreatedOnToolsVersion = 8.1;
						ProvisioningStyle = Automatic;
					};
					1C4964451E0AB9F10017786B = {
						CreatedOnToolsVersion = 8.1;
						ProvisioningStyle = Automatic;
						TestTargetID = 1C4964311E0AB9F10017786B;
					};
					1C4964501E0AB9F10017786B = {
						CreatedOnToolsVersion = 8.1;
						ProvisioningStyle = Automatic;
						TestTargetID = 1C4964311E0AB9F10017786B;
					};
				};
			};
			buildConfigurationList = 1C49642D1E0AB9F10017786B /* Build configuration list for PBXProject "FilterArray" */;
			compatibilityVersion = "Xcode 3.2";
			developmentRegion = en;
			hasScannedForEncodings = 0;
			knownRegions = (
				en,
				Base,
			);
			mainGroup = 1C4964291E0AB9F10017786B;
			productRefGroup = 1C4964331E0AB9F10017786B /* Products */;
			projectDirPath = "";
			projectRoot = "";
			targets = (
				1C4964311E0AB9F10017786B /* FilterArray */,
				1C4964451E0AB9F10017786B /* FilterArrayTests */,
				1C4964501E0AB9F10017786B /* FilterArrayUITests */,
			);
		};
/* End PBXProject section */

/* Begin PBXResourcesBuildPhase section */
		1C4964301E0AB9F10017786B /* Resources */ = {
			isa = PBXResourcesBuildPhase;
			buildActionMask = 2147483647;
			files = (
				1C4964401E0AB9F10017786B /* LaunchScreen.storyboard in Resources */,
				1C49643D1E0AB9F10017786B /* Assets.xcassets in Resources */,
				1C49643B1E0AB9F10017786B /* Main.storyboard in Resources */,
			);
			runOnlyForDeploymentPostprocessing = 0;
		};
		1C4964441E0AB9F10017786B /* Resources */ = {
			isa = PBXResourcesBuildPhase;
			buildActionMask = 2147483647;
			files = (
			);
			runOnlyForDeploymentPostprocessing = 0;
		};
		1C49644F1E0AB9F10017786B /* Resources */ = {
			isa = PBXResourcesBuildPhase;
			buildActionMask = 2147483647;
			files = (
			);
			runOnlyForDeploymentPostprocessing = 0;
		};
/* End PBXResourcesBuildPhase section */

/* Begin PBXSourcesBuildPhase section */
		1C49642E1E0AB9F10017786B /* Sources */ = {
			isa = PBXSourcesBuildPhase;
			buildActionMask = 2147483647;
			files = (
				1C4964381E0AB9F10017786B /* ViewController.swift in Sources */,
				1C4964361E0AB9F10017786B /* AppDelegate.swift in Sources */,
			);
			runOnlyForDeploymentPostprocessing = 0;
		};
		1C4964421E0AB9F10017786B /* Sources */ = {
			isa = PBXSourcesBuildPhase;
			buildActionMask = 2147483647;
			files = (
				1C49644B1E0AB9F10017786B /* FilterArrayTests.swift in Sources */,
			);
			runOnlyForDeploymentPostprocessing = 0;
		};
		1C49644D1E0AB9F10017786B /* Sources */ = {
			isa = PBXSourcesBuildPhase;
			buildActionMask = 2147483647;
			files = (
				1C4964561E0AB9F10017786B /* FilterArrayUITests.swift in Sources */,
			);
			runOnlyForDeploymentPostprocessing = 0;
		};
/* End PBXSourcesBuildPhase section */

/* Begin PBXTargetDependency section */
		1C4964481E0AB9F10017786B /* PBXTargetDependency */ = {
			isa = PBXTargetDependency;
			target = 1C4964311E0AB9F10017786B /* FilterArray */;
			targetProxy = 1C4964471E0AB9F10017786B /* PBXContainerItemProxy */;
		};
		1C4964531E0AB9F10017786B /* PBXTargetDependency */ = {
			isa = PBXTargetDependency;
			target = 1C4964311E0AB9F10017786B /* FilterArray */;
			targetProxy = 1C4964521E0AB9F10017786B /* PBXContainerItemProxy */;
		};
/* End PBXTargetDependency section */

/* Begin PBXVariantGroup section */
		1C4964391E0AB9F10017786B /* Main.storyboard */ = {
			isa = PBXVariantGroup;
			children = (
				1C49643A1E0AB9F10017786B /* Base */,
			);
			name = Main.storyboard;
			sourceTree = "<group>";
		};
		1C49643E1E0AB9F10017786B /* LaunchScreen.storyboard */ = {
			isa = PBXVariantGroup;
			children = (
				1C49643F1E0AB9F10017786B /* Base */,
			);
			name = LaunchScreen.storyboard;
			sourceTree = "<group>";
		};
/* End PBXVariantGroup section */

/* Begin XCBuildConfiguration section */
		1C4964581E0AB9F10017786B /* Debug */ = {
			isa = XCBuildConfiguration;
			buildSettings = {
				ALWAYS_SEARCH_USER_PATHS = NO;
				CLANG_ANALYZER_NONNULL = YES;
				CLANG_CXX_LANGUAGE_STANDARD = "gnu++0x";
				CLANG_CXX_LIBRARY = "libc++";
				CLANG_ENABLE_MODULES = YES;
				CLANG_ENABLE_OBJC_ARC = YES;
				CLANG_WARN_BLOCK_CAPTURE_AUTORELEASING = YES;
				CLANG_WARN_BOOL_CONVERSION = YES;
				CLANG_WARN_COMMA = YES;
				CLANG_WARN_CONSTANT_CONVERSION = YES;
				CLANG_WARN_DEPRECATED_OBJC_IMPLEMENTATIONS = YES;
				CLANG_WARN_DIRECT_OBJC_ISA_USAGE = YES_ERROR;
				CLANG_WARN_DOCUMENTATION_COMMENTS = YES;
				CLANG_WARN_EMPTY_BODY = YES;
				CLANG_WARN_ENUM_CONVERSION = YES;
				CLANG_WARN_INFINITE_RECURSION = YES;
				CLANG_WARN_INT_CONVERSION = YES;
				CLANG_WARN_NON_LITERAL_NULL_CONVERSION = YES;
				CLANG_WARN_OBJC_IMPLICIT_RETAIN_SELF = YES;
				CLANG_WARN_OBJC_LITERAL_CONVERSION = YES;
				CLANG_WARN_OBJC_ROOT_CLASS = YES_ERROR;
				CLANG_WARN_RANGE_LOOP_ANALYSIS = YES;
				CLANG_WARN_STRICT_PROTOTYPES = YES;
				CLANG_WARN_SUSPICIOUS_MOVE = YES;
				CLANG_WARN_SUSPICIOUS_MOVES = YES;
				CLANG_WARN_UNREACHABLE_CODE = YES;
				CLANG_WARN__DUPLICATE_METHOD_MATCH = YES;
				"CODE_SIGN_IDENTITY[sdk=iphoneos*]" = "iPhone Developer";
				COPY_PHASE_STRIP = NO;
				DEBUG_INFORMATION_FORMAT = dwarf;
				ENABLE_STRICT_OBJC_MSGSEND = YES;
				ENABLE_TESTABILITY = YES;
				GCC_C_LANGUAGE_STANDARD = gnu99;
				GCC_DYNAMIC_NO_PIC = NO;
				GCC_NO_COMMON_BLOCKS = YES;
				GCC_OPTIMIZATION_LEVEL = 0;
				GCC_PREPROCESSOR_DEFINITIONS = (
					"DEBUG=1",
					"$(inherited)",
				);
				GCC_WARN_64_TO_32_BIT_CONVERSION = YES;
				GCC_WARN_ABOUT_RETURN_TYPE = YES_ERROR;
				GCC_WARN_UNDECLARED_SELECTOR = YES;
				GCC_WARN_UNINITIALIZED_AUTOS = YES_AGGRESSIVE;
				GCC_WARN_UNUSED_FUNCTION = YES;
				GCC_WARN_UNUSED_VARIABLE = YES;
				IPHONEOS_DEPLOYMENT_TARGET = 10.0;
				MTL_ENABLE_DEBUG_INFO = YES;
				ONLY_ACTIVE_ARCH = YES;
				SDKROOT = iphoneos;
				SWIFT_ACTIVE_COMPILATION_CONDITIONS = DEBUG;
				SWIFT_OPTIMIZATION_LEVEL = "-Onone";
				TARGETED_DEVICE_FAMILY = "1,2";
			};
			name = Debug;
		};
		1C4964591E0AB9F10017786B /* Release */ = {
			isa = XCBuildConfiguration;
			buildSettings = {
				ALWAYS_SEARCH_USER_PATHS = NO;
				CLANG_ANALYZER_NONNULL = YES;
				CLANG_CXX_LANGUAGE_STANDARD = "gnu++0x";
				CLANG_CXX_LIBRARY = "libc++";
				CLANG_ENABLE_MODULES = YES;
				CLANG_ENABLE_OBJC_ARC = YES;
				CLANG_WARN_BLOCK_CAPTURE_AUTORELEASING = YES;
				CLANG_WARN_BOOL_CONVERSION = YES;
				CLANG_WARN_COMMA = YES;
				CLANG_WARN_CONSTANT_CONVERSION = YES;
				CLANG_WARN_DEPRECATED_OBJC_IMPLEMENTATIONS = YES;
				CLANG_WARN_DIRECT_OBJC_ISA_USAGE = YES_ERROR;
				CLANG_WARN_DOCUMENTATION_COMMENTS = YES;
				CLANG_WARN_EMPTY_BODY = YES;
				CLANG_WARN_ENUM_CONVERSION = YES;
				CLANG_WARN_INFINITE_RECURSION = YES;
				CLANG_WARN_INT_CONVERSION = YES;
				CLANG_WARN_NON_LITERAL_NULL_CONVERSION = YES;
				CLANG_WARN_OBJC_IMPLICIT_RETAIN_SELF = YES;
				CLANG_WARN_OBJC_LITERAL_CONVERSION = YES;
				CLANG_WARN_OBJC_ROOT_CLASS = YES_ERROR;
				CLANG_WARN_RANGE_LOOP_ANALYSIS = YES;
				CLANG_WARN_STRICT_PROTOTYPES = YES;
				CLANG_WARN_SUSPICIOUS_MOVE = YES;
				CLANG_WARN_SUSPICIOUS_MOVES = YES;
				CLANG_WARN_UNREACHABLE_CODE = YES;
				CLANG_WARN__DUPLICATE_METHOD_MATCH = YES;
				"CODE_SIGN_IDENTITY[sdk=iphoneos*]" = "iPhone Developer";
				COPY_PHASE_STRIP = NO;
				DEBUG_INFORMATION_FORMAT = "dwarf-with-dsym";
				ENABLE_NS_ASSERTIONS = NO;
				ENABLE_STRICT_OBJC_MSGSEND = YES;
				GCC_C_LANGUAGE_STANDARD = gnu99;
				GCC_NO_COMMON_BLOCKS = YES;
				GCC_WARN_64_TO_32_BIT_CONVERSION = YES;
				GCC_WARN_ABOUT_RETURN_TYPE = YES_ERROR;
				GCC_WARN_UNDECLARED_SELECTOR = YES;
				GCC_WARN_UNINITIALIZED_AUTOS = YES_AGGRESSIVE;
				GCC_WARN_UNUSED_FUNCTION = YES;
				GCC_WARN_UNUSED_VARIABLE = YES;
				IPHONEOS_DEPLOYMENT_TARGET = 10.0;
				MTL_ENABLE_DEBUG_INFO = NO;
				SDKROOT = iphoneos;
				SWIFT_OPTIMIZATION_LEVEL = "-Owholemodule";
				TARGETED_DEVICE_FAMILY = "1,2";
				VALIDATE_PRODUCT = YES;
			};
			name = Release;
		};
		1C49645B1E0AB9F10017786B /* Debug */ = {
			isa = XCBuildConfiguration;
			buildSettings = {
				ASSETCATALOG_COMPILER_APPICON_NAME = AppIcon;
				INFOPLIST_FILE = FilterArray/Info.plist;
				IPHONEOS_DEPLOYMENT_TARGET = 10.0;
				LD_RUNPATH_SEARCH_PATHS = "$(inherited) @executable_path/Frameworks";
				PRODUCT_BUNDLE_IDENTIFIER = FilterArray;
				PRODUCT_NAME = "$(TARGET_NAME)";
				SWIFT_VERSION = 5.0;
			};
			name = Debug;
		};
		1C49645C1E0AB9F10017786B /* Release */ = {
			isa = XCBuildConfiguration;
			buildSettings = {
				ASSETCATALOG_COMPILER_APPICON_NAME = AppIcon;
				INFOPLIST_FILE = FilterArray/Info.plist;
				IPHONEOS_DEPLOYMENT_TARGET = 10.0;
				LD_RUNPATH_SEARCH_PATHS = "$(inherited) @executable_path/Frameworks";
				PRODUCT_BUNDLE_IDENTIFIER = FilterArray;
				PRODUCT_NAME = "$(TARGET_NAME)";
				SWIFT_VERSION = 5.0;
			};
			name = Release;
		};
		1C49645E1E0AB9F10017786B /* Debug */ = {
			isa = XCBuildConfiguration;
			buildSettings = {
				ALWAYS_EMBED_SWIFT_STANDARD_LIBRARIES = YES;
				BUNDLE_LOADER = "$(TEST_HOST)";
				INFOPLIST_FILE = FilterArrayTests/Info.plist;
				LD_RUNPATH_SEARCH_PATHS = "$(inherited) @executable_path/Frameworks @loader_path/Frameworks";
				PRODUCT_BUNDLE_IDENTIFIER = FilterArrayTests;
				PRODUCT_NAME = "$(TARGET_NAME)";
				SWIFT_VERSION = 3.0;
				TEST_HOST = "$(BUILT_PRODUCTS_DIR)/FilterArray.app/FilterArray";
			};
			name = Debug;
		};
		1C49645F1E0AB9F10017786B /* Release */ = {
			isa = XCBuildConfiguration;
			buildSettings = {
				ALWAYS_EMBED_SWIFT_STANDARD_LIBRARIES = YES;
				BUNDLE_LOADER = "$(TEST_HOST)";
				INFOPLIST_FILE = FilterArrayTests/Info.plist;
				LD_RUNPATH_SEARCH_PATHS = "$(inherited) @executable_path/Frameworks @loader_path/Frameworks";
				PRODUCT_BUNDLE_IDENTIFIER = FilterArrayTests;
				PRODUCT_NAME = "$(TARGET_NAME)";
				SWIFT_VERSION = 3.0;
				TEST_HOST = "$(BUILT_PRODUCTS_DIR)/FilterArray.app/FilterArray";
			};
			name = Release;
		};
		1C4964611E0AB9F10017786B /* Debug */ = {
			isa = XCBuildConfiguration;
			buildSettings = {
				ALWAYS_EMBED_SWIFT_STANDARD_LIBRARIES = YES;
				INFOPLIST_FILE = FilterArrayUITests/Info.plist;
				LD_RUNPATH_SEARCH_PATHS = "$(inherited) @executable_path/Frameworks @loader_path/Frameworks";
				PRODUCT_BUNDLE_IDENTIFIER = FilterArrayUITests;
				PRODUCT_NAME = "$(TARGET_NAME)";
				SWIFT_VERSION = 3.0;
				TEST_TARGET_NAME = FilterArray;
			};
			name = Debug;
		};
		1C4964621E0AB9F10017786B /* Release */ = {
			isa = XCBuildConfiguration;
			buildSettings = {
				ALWAYS_EMBED_SWIFT_STANDARD_LIBRARIES = YES;
				INFOPLIST_FILE = FilterArrayUITests/Info.plist;
				LD_RUNPATH_SEARCH_PATHS = "$(inherited) @executable_path/Frameworks @loader_path/Frameworks";
				PRODUCT_BUNDLE_IDENTIFIER = FilterArrayUITests;
				PRODUCT_NAME = "$(TARGET_NAME)";
				SWIFT_VERSION = 3.0;
				TEST_TARGET_NAME = FilterArray;
			};
			name = Release;
		};
/* End XCBuildConfiguration section */

/* Begin XCConfigurationList section */
		1C49642D1E0AB9F10017786B /* Build configuration list for PBXProject "FilterArray" */ = {
			isa = XCConfigurationList;
			buildConfigurations = (
				1C4964581E0AB9F10017786B /* Debug */,
				1C4964591E0AB9F10017786B /* Release */,
			);
			defaultConfigurationIsVisible = 0;
			defaultConfigurationName = Release;
		};
		1C49645A1E0AB9F10017786B /* Build configuration list for PBXNativeTarget "FilterArray" */ = {
			isa = XCConfigurationList;
			buildConfigurations = (
				1C49645B1E0AB9F10017786B /* Debug */,
				1C49645C1E0AB9F10017786B /* Release */,
			);
			defaultConfigurationIsVisible = 0;
			defaultConfigurationName = Release;
		};
		1C49645D1E0AB9F10017786B /* Build configuration list for PBXNativeTarget "FilterArrayTests" */ = {
			isa = XCConfigurationList;
			buildConfigurations = (
				1C49645E1E0AB9F10017786B /* Debug */,
				1C49645F1E0AB9F10017786B /* Release */,
			);
			defaultConfigurationIsVisible = 0;
			defaultConfigurationName = Release;
		};
		1C4964601E0AB9F10017786B /* Build configuration list for PBXNativeTarget "FilterArrayUITests" */ = {
			isa = XCConfigurationList;
			buildConfigurations = (
				1C4964611E0AB9F10017786B /* Debug */,
				1C4964621E0AB9F10017786B /* Release */,
			);
			defaultConfigurationIsVisible = 0;
			defaultConfigurationName = Release;
		};
/* End XCConfigurationList section */
	};
	rootObject = 1C49642A1E0AB9F10017786B /* Project object */;
}
